<?xml version="1.0" encoding="utf-8"?>
<Project ToolsVersion="4.0" xmlns="http://schemas.microsoft.com/developer/msbuild/2003">
  <ItemGroup>
    <Filter Include="Source Files">
      <UniqueIdentifier>{4FC737F1-C7A5-4376-A066-2A32D752A2FF}</UniqueIdentifier>
      <Extensions>cpp;c;cc;cxx;def;odl;idl;hpj;bat;asm;asmx</Extensions>
    </Filter>
    <Filter Include="Header Files">
      <UniqueIdentifier>{93995380-89BD-4b04-88EB-625FBE52EBFB}</UniqueIdentifier>
      <Extensions>h;hh;hpp;hxx;hm;inl;inc;xsd</Extensions>
    </Filter>
    <Filter Include="Resource Files">
      <UniqueIdentifier>{67DA6AB6-F800-4c08-8B7A-83BB121AAD01}</UniqueIdentifier>
      <Extensions>rc;ico;cur;bmp;dlg;rc2;rct;bin;rgs;gif;jpg;jpeg;jpe;resx;tiff;tif;png;wav</Extensions>
    </Filter>
  </ItemGroup>
  <ItemGroup>
    <ClCompile Include="c++\cp3\skeleton.cpp">
      <Filter>Source Files</Filter>
    </ClCompile>
    <ClCompile Include="c++\cp3\1.3.2\sample.cpp">
      <Filter>Source Files</Filter>
    </ClCompile>
    <ClCompile Include="c++\cp3\1.3.3\ad hoc\10205_stack_em_up.cpp">
      <Filter>Source Files</Filter>
    </ClCompile>
    <ClCompile Include="c++\cp3\1.3.3\ad hoc\162_Beggar_my_neightbour.cpp">
      <Filter>Source Files</Filter>
    </ClCompile>
    <ClCompile Include="c++\cp3\1.3.3\ad hoc\462-bridge_hand_evaluator.cpp">
      <Filter>Source Files</Filter>
    </ClCompile>
    <ClCompile Include="c++\cp3\1.3.3\ad hoc\555_bridge_hand.cpp">
      <Filter>Source Files</Filter>
    </ClCompile>
    <ClCompile Include="c++\cp3\1.3.3\ad hoc\teste.cpp">
      <Filter>Source Files</Filter>
    </ClCompile>
    <ClCompile Include="c++\cp3\1.3.3\izi\11764_Jumping_Mario.cpp">
      <Filter>Source Files</Filter>
    </ClCompile>
    <ClCompile Include="c++\cp3\1.3.3\izi\11799_Horror_Dash.cpp">
      <Filter>Source Files</Filter>
    </ClCompile>
    <ClCompile Include="c++\cp3\1.3.3\izi\11942_Lumberjack_Sequencing.cpp">
      <Filter>Source Files</Filter>
    </ClCompile>
    <ClCompile Include="c++\cp3\1.3.3\izi\12015_Google_is_feeling_lucky.cpp">
      <Filter>Source Files</Filter>
    </ClCompile>
    <ClCompile Include="c++\cp3\1.3.3\izi\12157_Tariff_plan.cpp">
      <Filter>Source Files</Filter>
    </ClCompile>
    <ClCompile Include="c++\cp3\1.3.3\izi\12468_Zapping.cpp">
      <Filter>Source Files</Filter>
    </ClCompile>
    <ClCompile Include="c++\cp3\1.3.3\izi\12503_Robot_instructions.cpp">
      <Filter>Source Files</Filter>
    </ClCompile>
    <ClCompile Include="c++\cp3\1.3.3\izi\12554_A_special_song.cpp">
      <Filter>Source Files</Filter>
    </ClCompile>
    <ClCompile Include="c++\cp3\1.3.3\izi\621_Secret_research.cpp">
      <Filter>Source Files</Filter>
    </ClCompile>
    <ClCompile Include="c++\cp3\1.3.3\medium\10141_Request_for_proposal.cpp">
      <Filter>Source Files</Filter>
    </ClCompile>
    <ClCompile Include="c++\cp3\1.3.3\medium\10324_Zeroes_and_Ones.cpp">
      <Filter>Source Files</Filter>
    </ClCompile>
    <ClCompile Include="c++\cp3\1.3.3\medium\10424_Love_calculator.cpp">
      <Filter>Source Files</Filter>
    </ClCompile>
    <ClCompile Include="c++\cp3\1.3.3\medium\10919_prerequisites.cpp">
      <Filter>Source Files</Filter>
    </ClCompile>
    <ClCompile Include="c++\cp3\1.3.3\medium\11507_bender_b_rodrigues_problem.cpp">
      <Filter>Source Files</Filter>
    </ClCompile>
    <ClCompile Include="c++\cp3\1.3.3\medium\11661_burguer_time.cpp">
      <Filter>Source Files</Filter>
    </ClCompile>
    <ClCompile Include="c++\cp3\1.3.3\medium\11683_laser_sculpture.cpp">
      <Filter>Source Files</Filter>
    </ClCompile>
    <ClCompile Include="c++\cp3\1.3.3\medium\11687_Digits.cpp">
      <Filter>Source Files</Filter>
    </ClCompile>
    <ClCompile Include="c++\cp3\1.3.3\medium\11956_Brainfuck.cpp">
      <Filter>Source Files</Filter>
    </ClCompile>
    <ClCompile Include="c++\cp3\1.3.3\medium\119_Greedy_gift_givers.cpp">
      <Filter>Source Files</Filter>
    </ClCompile>
    <ClCompile Include="c++\cp3\1.3.3\medium\573_the_snail.cpp">
      <Filter>Source Files</Filter>
    </ClCompile>
    <ClCompile Include="c++\cp3\1.3.3\medium\611_Blowing_Fuses.cpp">
      <Filter>Source Files</Filter>
    </ClCompile>
    <ClCompile Include="c++\cp3\1.3.3\medium\teste.cpp">
      <Filter>Source Files</Filter>
    </ClCompile>
    <ClCompile Include="c++\cp3\1.3.3\super izi\10550_Combination_Lock.cpp">
      <Filter>Source Files</Filter>
    </ClCompile>
    <ClCompile Include="c++\cp3\1.3.3\super izi\11044_Searching_for_Nessy.cpp">
      <Filter>Source Files</Filter>
    </ClCompile>
    <ClCompile Include="c++\cp3\1.3.3\super izi\11172_Relational_Operators.cpp">
      <Filter>Source Files</Filter>
    </ClCompile>
    <ClCompile Include="c++\cp3\1.3.3\super izi\1124_Celebrity_Jeopardy.cpp">
      <Filter>Source Files</Filter>
    </ClCompile>
    <ClCompile Include="c++\cp3\1.3.3\super izi\11364_Parking.cpp">
      <Filter>Source Files</Filter>
    </ClCompile>
    <ClCompile Include="c++\cp3\1.3.3\super izi\11547_Automatic_Answer.cpp">
      <Filter>Source Files</Filter>
    </ClCompile>
    <ClCompile Include="c++\cp3\1.3.3\super izi\11727_Cost_Cutting.cpp">
      <Filter>Source Files</Filter>
    </ClCompile>
    <ClCompile Include="c++\cp3\1.3.3\super izi\12250_Language_Detection.cpp">
      <Filter>Source Files</Filter>
    </ClCompile>
    <ClCompile Include="c++\cp3\1.3.3\super izi\12279_Emoogle_balance.cpp">
      <Filter>Source Files</Filter>
    </ClCompile>
    <ClCompile Include="c++\cp3\1.3.3\super izi\12289_One_two_three.cpp">
      <Filter>Source Files</Filter>
    </ClCompile>
    <ClCompile Include="c++\cp3\1.3.3\super izi\12372_Packing_for_holiday.cpp">
      <Filter>Source Files</Filter>
    </ClCompile>
    <ClCompile Include="c++\cp3\1.3.3\super izi\12403_Save_setu.cpp">
      <Filter>Source Files</Filter>
    </ClCompile>
    <ClCompile Include="c++\cp3\1.3.3\super izi\12577_Hajj_e_akbar.cpp">
      <Filter>Source Files</Filter>
    </ClCompile>
    <ClCompile Include="c++\cp3\1.3.3\super izi\272_TEX_quotes.cpp">
      <Filter>Source Files</Filter>
    </ClCompile>
    <ClCompile Include="c++\rand\queen.cpp">
      <Filter>Source Files</Filter>
    </ClCompile>
    <ClCompile Include="c++\spoj\dobradura.cpp">
      <Filter>Source Files</Filter>
    </ClCompile>
  </ItemGroup>
</Project>